
Microsoft Visual Studio Solution File, Format Version 12.00
# Visual Studio Version 16
VisualStudioVersion = 16.0.29911.84
MinimumVisualStudioVersion = 10.0.40219.1
Project("{9A19103F-16F7-4668-BE54-9A1E7A4F7556}") = "SiteBuilder", "SiteBuilder\SiteBuilder.csproj", "{11E7E859-E592-4CEE-B37E-C2D2C67F455B}"
EndProject
Global
	GlobalSection(SolutionConfigurationPlatforms) = preSolution
		Debug|Any CPU = Debug|Any CPU
		Release|Any CPU = Release|Any CPU
	EndGlobalSection
	GlobalSection(ProjectConfigurationPlatforms) = postSolution
		{11E7E859-E592-4CEE-B37E-C2D2C67F455B}.Debug|Any CPU.ActiveCfg = Debug|Any CPU
		{11E7E859-E592-4CEE-B37E-C2D2C67F455B}.Debug|Any CPU.Build.0 = Debug|Any CPU
		{11E7E859-E592-4CEE-B37E-C2D2C67F455B}.Release|Any CPU.ActiveCfg = Release|Any CPU
		{11E7E859-E592-4CEE-B37E-C2D2C67F455B}.Release|Any CPU.Build.0 = Release|Any CPU
	EndGlobalSection
	GlobalSection(SolutionProperties) = preSolution
		HideSolutionNode = FALSE
	EndGlobalSection
	GlobalSection(ExtensibilityGlobals) = postSolution
		LessCompiler = 11e7e859-e592-4cee-b37e-c2d2c67f455b
		SolutionGuid = {CDF78AD0-76F4-465A-8338-267D5CB24380}
	EndGlobalSection
EndGlobal
